
Microsoft Visual Studio Solution File, Format Version 12.00
# Visual Studio Version 17
VisualStudioVersion = 17.0.31912.275
MinimumVisualStudioVersion = 10.0.40219.1
Project("{FAE04EC0-301F-11D3-BF4B-00C04F79EFBC}") = "StudensGrades", "StudensGrades\StudensGrades.csproj", "{AA51BB7A-7CFD-4AEF-8926-A7ED32402645}"
EndProject
Project("{2150E333-8FDC-42A3-9474-1A3956D46DE8}") = "Solution Items", "Solution Items", "{367DD7AA-90C6-4DA7-AF76-2A5483589F7E}"
EndProject
Global
	GlobalSection(SolutionConfigurationPlatforms) = preSolution
		Debug|Any CPU = Debug|Any CPU
		Release|Any CPU = Release|Any CPU
	EndGlobalSection
	GlobalSection(ProjectConfigurationPlatforms) = postSolution
		{AA51BB7A-7CFD-4AEF-8926-A7ED32402645}.Debug|Any CPU.ActiveCfg = Debug|Any CPU
		{AA51BB7A-7CFD-4AEF-8926-A7ED32402645}.Debug|Any CPU.Build.0 = Debug|Any CPU
		{AA51BB7A-7CFD-4AEF-8926-A7ED32402645}.Release|Any CPU.ActiveCfg = Release|Any CPU
		{AA51BB7A-7CFD-4AEF-8926-A7ED32402645}.Release|Any CPU.Build.0 = Release|Any CPU
	EndGlobalSection
	GlobalSection(SolutionProperties) = preSolution
		HideSolutionNode = FALSE
	EndGlobalSection
	GlobalSection(ExtensibilityGlobals) = postSolution
		SolutionGuid = {F44D45BB-BDD4-449C-BBBF-266AF9100B43}
	EndGlobalSection
EndGlobal
